<?xml version="1.0" encoding="utf-8"?>
<Project ToolsVersion="4.0" xmlns="http://schemas.microsoft.com/developer/msbuild/2003">
  <ItemGroup>
    <ClInclude Include="$(MSBuildThisFileDirectory)..\..\Code\Core\Util\Functions.h" />
    <ClInclude Include="$(MSBuildThisFileDirectory)..\..\Code\Core\Util\Macros.h" />
    <ClInclude Include="$(MSBuildThisFileDirectory)..\..\Code\Core\Util\Typedef.h" />
    <ClInclude Include="$(MSBuildThisFileDirectory)..\..\Code\Core\Util\Math\Matrix.h">
      <Filter>Math</Filter>
    </ClInclude>
    <ClInclude Include="$(MSBuildThisFileDirectory)..\..\Code\Core\Util\Math\Vector.h">
      <Filter>Math</Filter>
    </ClInclude>
  </ItemGroup>
  <ItemGroup>
    <Filter Include="Math">
      <UniqueIdentifier>{5ec57113-37d7-48c2-9acd-ed7623625124}</UniqueIdentifier>
    </Filter>
  </ItemGroup>
  <ItemGroup>
    <ClCompile Include="$(MSBuildThisFileDirectory)..\..\Code\Core\Util\Math\Matrix.cpp">
      <Filter>Math</Filter>
    </ClCompile>
    <ClCompile Include="$(MSBuildThisFileDirectory)..\..\Code\Core\Util\Math\Vector.cpp">
      <Filter>Math</Filter>
    </ClCompile>
  </ItemGroup>
</Project>